
Microsoft Visual Studio Solution File, Format Version 12.00
# Visual Studio Version 17
VisualStudioVersion = 17.11.35312.102
MinimumVisualStudioVersion = 10.0.40219.1
Project("{FAE04EC0-301F-11D3-BF4B-00C04F79EFBC}") = "Events", "Events\Events.csproj", "{D08526A3-CCAA-41CD-B88D-7841657A0FAC}"
EndProject
Global
	GlobalSection(SolutionConfigurationPlatforms) = preSolution
		Debug|Any CPU = Debug|Any CPU
		Release|Any CPU = Release|Any CPU
	EndGlobalSection
	GlobalSection(ProjectConfigurationPlatforms) = postSolution
		{D08526A3-CCAA-41CD-B88D-7841657A0FAC}.Debug|Any CPU.ActiveCfg = Debug|Any CPU
		{D08526A3-CCAA-41CD-B88D-7841657A0FAC}.Debug|Any CPU.Build.0 = Debug|Any CPU
		{D08526A3-CCAA-41CD-B88D-7841657A0FAC}.Release|Any CPU.ActiveCfg = Release|Any CPU
		{D08526A3-CCAA-41CD-B88D-7841657A0FAC}.Release|Any CPU.Build.0 = Release|Any CPU
	EndGlobalSection
	GlobalSection(SolutionProperties) = preSolution
		HideSolutionNode = FALSE
	EndGlobalSection
	GlobalSection(ExtensibilityGlobals) = postSolution
		SolutionGuid = {45D4091C-2BB2-42A5-B4D1-8C52AE816E25}
	EndGlobalSection
EndGlobal
