
Microsoft Visual Studio Solution File, Format Version 12.00
# Visual Studio Version 17
VisualStudioVersion = 17.11.35312.102
MinimumVisualStudioVersion = 10.0.40219.1
Project("{FAE04EC0-301F-11D3-BF4B-00C04F79EFBC}") = "Polymorphie_GL", "Polymorphie_GL\Polymorphie_GL.csproj", "{483044A8-390C-4600-A582-001A186448AF}"
EndProject
Global
	GlobalSection(SolutionConfigurationPlatforms) = preSolution
		Debug|Any CPU = Debug|Any CPU
		Release|Any CPU = Release|Any CPU
	EndGlobalSection
	GlobalSection(ProjectConfigurationPlatforms) = postSolution
		{483044A8-390C-4600-A582-001A186448AF}.Debug|Any CPU.ActiveCfg = Debug|Any CPU
		{483044A8-390C-4600-A582-001A186448AF}.Debug|Any CPU.Build.0 = Debug|Any CPU
		{483044A8-390C-4600-A582-001A186448AF}.Release|Any CPU.ActiveCfg = Release|Any CPU
		{483044A8-390C-4600-A582-001A186448AF}.Release|Any CPU.Build.0 = Release|Any CPU
	EndGlobalSection
	GlobalSection(SolutionProperties) = preSolution
		HideSolutionNode = FALSE
	EndGlobalSection
	GlobalSection(ExtensibilityGlobals) = postSolution
		SolutionGuid = {49CDEA32-52EF-4B6C-BC8A-DCCABB207A74}
	EndGlobalSection
EndGlobal
