
Microsoft Visual Studio Solution File, Format Version 12.00
# Visual Studio Version 17
VisualStudioVersion = 17.11.35312.102
MinimumVisualStudioVersion = 10.0.40219.1
Project("{FAE04EC0-301F-11D3-BF4B-00C04F79EFBC}") = "TeilnehmerVerwaltung_V2", "TeilnehmerVerwaltung_V2\TeilnehmerVerwaltung_V2.csproj", "{D43CA581-44B9-4612-BCFE-C0E9F94EBEB8}"
EndProject
Global
	GlobalSection(SolutionConfigurationPlatforms) = preSolution
		Debug|Any CPU = Debug|Any CPU
		Release|Any CPU = Release|Any CPU
	EndGlobalSection
	GlobalSection(ProjectConfigurationPlatforms) = postSolution
		{D43CA581-44B9-4612-BCFE-C0E9F94EBEB8}.Debug|Any CPU.ActiveCfg = Debug|Any CPU
		{D43CA581-44B9-4612-BCFE-C0E9F94EBEB8}.Debug|Any CPU.Build.0 = Debug|Any CPU
		{D43CA581-44B9-4612-BCFE-C0E9F94EBEB8}.Release|Any CPU.ActiveCfg = Release|Any CPU
		{D43CA581-44B9-4612-BCFE-C0E9F94EBEB8}.Release|Any CPU.Build.0 = Release|Any CPU
	EndGlobalSection
	GlobalSection(SolutionProperties) = preSolution
		HideSolutionNode = FALSE
	EndGlobalSection
	GlobalSection(ExtensibilityGlobals) = postSolution
		SolutionGuid = {91C3B3AF-4F28-4090-BD7C-3E473E227B58}
	EndGlobalSection
EndGlobal
