
Microsoft Visual Studio Solution File, Format Version 12.00
# Visual Studio Version 17
VisualStudioVersion = 17.11.35312.102
MinimumVisualStudioVersion = 10.0.40219.1
Project("{FAE04EC0-301F-11D3-BF4B-00C04F79EFBC}") = "VererbungGL", "VererbungGL\VererbungGL.csproj", "{CFFD95D8-55DB-47FE-9597-6D7A64EA2C9A}"
EndProject
Global
	GlobalSection(SolutionConfigurationPlatforms) = preSolution
		Debug|Any CPU = Debug|Any CPU
		Release|Any CPU = Release|Any CPU
	EndGlobalSection
	GlobalSection(ProjectConfigurationPlatforms) = postSolution
		{CFFD95D8-55DB-47FE-9597-6D7A64EA2C9A}.Debug|Any CPU.ActiveCfg = Debug|Any CPU
		{CFFD95D8-55DB-47FE-9597-6D7A64EA2C9A}.Debug|Any CPU.Build.0 = Debug|Any CPU
		{CFFD95D8-55DB-47FE-9597-6D7A64EA2C9A}.Release|Any CPU.ActiveCfg = Release|Any CPU
		{CFFD95D8-55DB-47FE-9597-6D7A64EA2C9A}.Release|Any CPU.Build.0 = Release|Any CPU
	EndGlobalSection
	GlobalSection(SolutionProperties) = preSolution
		HideSolutionNode = FALSE
	EndGlobalSection
	GlobalSection(ExtensibilityGlobals) = postSolution
		SolutionGuid = {A9FD8575-02D6-4DB7-AAF5-2D4E91EEF38E}
	EndGlobalSection
EndGlobal
