
Microsoft Visual Studio Solution File, Format Version 12.00
# Visual Studio Version 17
VisualStudioVersion = 17.11.35312.102
MinimumVisualStudioVersion = 10.0.40219.1
Project("{FAE04EC0-301F-11D3-BF4B-00C04F79EFBC}") = "Methoden_GL", "Methoden_GL\Methoden_GL.csproj", "{4110EF9C-EE9B-4E8B-B8AB-AD9BF1394715}"
EndProject
Global
	GlobalSection(SolutionConfigurationPlatforms) = preSolution
		Debug|Any CPU = Debug|Any CPU
		Release|Any CPU = Release|Any CPU
	EndGlobalSection
	GlobalSection(ProjectConfigurationPlatforms) = postSolution
		{4110EF9C-EE9B-4E8B-B8AB-AD9BF1394715}.Debug|Any CPU.ActiveCfg = Debug|Any CPU
		{4110EF9C-EE9B-4E8B-B8AB-AD9BF1394715}.Debug|Any CPU.Build.0 = Debug|Any CPU
		{4110EF9C-EE9B-4E8B-B8AB-AD9BF1394715}.Release|Any CPU.ActiveCfg = Release|Any CPU
		{4110EF9C-EE9B-4E8B-B8AB-AD9BF1394715}.Release|Any CPU.Build.0 = Release|Any CPU
	EndGlobalSection
	GlobalSection(SolutionProperties) = preSolution
		HideSolutionNode = FALSE
	EndGlobalSection
	GlobalSection(ExtensibilityGlobals) = postSolution
		SolutionGuid = {0EBD076B-5705-4A0A-84A1-8548EADA73E2}
	EndGlobalSection
EndGlobal
